
Microsoft Visual Studio Solution File, Format Version 12.00
# Visual Studio 15
VisualStudioVersion = 15.0.28010.2046
MinimumVisualStudioVersion = 10.0.40219.1
Project("{FAE04EC0-301F-11D3-BF4B-00C04F79EFBC}") = "MVCGruppuppgift", "MVCGruppuppgift\MVCGruppuppgift.csproj", "{7090A461-61FE-4B78-A0F4-BA8D5844F500}"
EndProject
Global
	GlobalSection(SolutionConfigurationPlatforms) = preSolution
		Debug|Any CPU = Debug|Any CPU
		Release|Any CPU = Release|Any CPU
	EndGlobalSection
	GlobalSection(ProjectConfigurationPlatforms) = postSolution
		{7090A461-61FE-4B78-A0F4-BA8D5844F500}.Debug|Any CPU.ActiveCfg = Debug|Any CPU
		{7090A461-61FE-4B78-A0F4-BA8D5844F500}.Debug|Any CPU.Build.0 = Debug|Any CPU
		{7090A461-61FE-4B78-A0F4-BA8D5844F500}.Release|Any CPU.ActiveCfg = Release|Any CPU
		{7090A461-61FE-4B78-A0F4-BA8D5844F500}.Release|Any CPU.Build.0 = Release|Any CPU
	EndGlobalSection
	GlobalSection(SolutionProperties) = preSolution
		HideSolutionNode = FALSE
	EndGlobalSection
	GlobalSection(ExtensibilityGlobals) = postSolution
		SolutionGuid = {1F6CCB8F-71B6-4FCA-BCAF-D84405D37C33}
	EndGlobalSection
EndGlobal
